
Microsoft Visual Studio Solution File, Format Version 12.00
# Visual Studio Version 17
VisualStudioVersion = 17.5.002.0
MinimumVisualStudioVersion = 10.0.40219.1
Project("{9A19103F-16F7-4668-BE54-9A1E7A4F7556}") = "FakeUniversity", "FakeUniversity\FakeUniversity.csproj", "{EE98EF82-34EA-4835-A8A4-A85E4A403FAA}"
EndProject
Global
	GlobalSection(SolutionConfigurationPlatforms) = preSolution
		Debug|Any CPU = Debug|Any CPU
		Release|Any CPU = Release|Any CPU
	EndGlobalSection
	GlobalSection(ProjectConfigurationPlatforms) = postSolution
		{EE98EF82-34EA-4835-A8A4-A85E4A403FAA}.Debug|Any CPU.ActiveCfg = Debug|Any CPU
		{EE98EF82-34EA-4835-A8A4-A85E4A403FAA}.Debug|Any CPU.Build.0 = Debug|Any CPU
		{EE98EF82-34EA-4835-A8A4-A85E4A403FAA}.Release|Any CPU.ActiveCfg = Release|Any CPU
		{EE98EF82-34EA-4835-A8A4-A85E4A403FAA}.Release|Any CPU.Build.0 = Release|Any CPU
	EndGlobalSection
	GlobalSection(SolutionProperties) = preSolution
		HideSolutionNode = FALSE
	EndGlobalSection
	GlobalSection(ExtensibilityGlobals) = postSolution
		SolutionGuid = {FA715265-8C10-429D-AA44-3239144CA30F}
	EndGlobalSection
EndGlobal
